// !$*UTF8*$!
{
	archiveVersion = 1;
	classes = {
	};
	objectVersion = 46;
	objects = {

/* Begin PBXBuildFile section */
		A138C0F120A616D9002D7207 /* Images.xcassets in Resources */ = {isa = PBXBuildFile; fileRef = A138C0F020A616D9002D7207 /* Images.xcassets */; };
		A17DCC1C1D7B2C9B00567966 /* utils.m in Sources */ = {isa = PBXBuildFile; fileRef = A17DCC1A1D7B2C9B00567966 /* utils.m */; };
		A17DCC1E1D7B320D00567966 /* IOKit.framework in Frameworks */ = {isa = PBXBuildFile; fileRef = A17DCC1D1D7B320D00567966 /* IOKit.framework */; };
		A17DCC201D7B4D0400567966 /* CoreFoundation.framework in Frameworks */ = {isa = PBXBuildFile; fileRef = A17DCC1F1D7B4D0400567966 /* CoreFoundation.framework */; };
		A18976071D7C3DE800F8FF48 /* VBVNotifier.m in Sources */ = {isa = PBXBuildFile; fileRef = A18976061D7C3DE800F8FF48 /* VBVNotifier.m */; };
		A1AA4EDC1D7B55CA0054F96A /* Foundation.framework in Frameworks */ = {isa = PBXBuildFile; fileRef = A1AA4EDB1D7B55CA0054F96A /* Foundation.framework */; };
		A1BBE9D316D4F97E00F7CD3F /* Cocoa.framework in Frameworks */ = {isa = PBXBuildFile; fileRef = A1BBE9D216D4F97E00F7CD3F /* Cocoa.framework */; };
		A1BBE9DD16D4F97E00F7CD3F /* InfoPlist.strings in Resources */ = {isa = PBXBuildFile; fileRef = A1BBE9DB16D4F97E00F7CD3F /* InfoPlist.strings */; };
		A1BBE9DF16D4F97E00F7CD3F /* main.m in Sources */ = {isa = PBXBuildFile; fileRef = A1BBE9DE16D4F97E00F7CD3F /* main.m */; };
		A1BBE9E316D4F97E00F7CD3F /* Credits.rtf in Resources */ = {isa = PBXBuildFile; fileRef = A1BBE9E116D4F97E00F7CD3F /* Credits.rtf */; };
		A1BBE9E616D4F97E00F7CD3F /* VBVAppDelegate.m in Sources */ = {isa = PBXBuildFile; fileRef = A1BBE9E516D4F97E00F7CD3F /* VBVAppDelegate.m */; };
		A1BBE9E916D4F97F00F7CD3F /* MainMenu.xib in Resources */ = {isa = PBXBuildFile; fileRef = A1BBE9E716D4F97F00F7CD3F /* MainMenu.xib */; };
/* End PBXBuildFile section */

/* Begin PBXFileReference section */
		A138C0F020A616D9002D7207 /* Images.xcassets */ = {isa = PBXFileReference; lastKnownFileType = folder.assetcatalog; path = Images.xcassets; sourceTree = "<group>"; };
		A17DCC1A1D7B2C9B00567966 /* utils.m */ = {isa = PBXFileReference; fileEncoding = 4; lastKnownFileType = sourcecode.c.objc; path = utils.m; sourceTree = "<group>"; };
		A17DCC1B1D7B2C9B00567966 /* utils.h */ = {isa = PBXFileReference; fileEncoding = 4; lastKnownFileType = sourcecode.c.h; path = utils.h; sourceTree = "<group>"; };
		A17DCC1D1D7B320D00567966 /* IOKit.framework */ = {isa = PBXFileReference; lastKnownFileType = wrapper.framework; name = IOKit.framework; path = System/Library/Frameworks/IOKit.framework; sourceTree = SDKROOT; };
		A17DCC1F1D7B4D0400567966 /* CoreFoundation.framework */ = {isa = PBXFileReference; lastKnownFileType = wrapper.framework; name = CoreFoundation.framework; path = System/Library/Frameworks/CoreFoundation.framework; sourceTree = SDKROOT; };
		A18976051D7C3DE800F8FF48 /* VBVNotifier.h */ = {isa = PBXFileReference; fileEncoding = 4; lastKnownFileType = sourcecode.c.h; name = VBVNotifier.h; path = ../VBVNotifier.h; sourceTree = "<group>"; };
		A18976061D7C3DE800F8FF48 /* VBVNotifier.m */ = {isa = PBXFileReference; fileEncoding = 4; lastKnownFileType = sourcecode.c.objc; name = VBVNotifier.m; path = ../VBVNotifier.m; sourceTree = "<group>"; };
		A1AA4EDB1D7B55CA0054F96A /* Foundation.framework */ = {isa = PBXFileReference; lastKnownFileType = wrapper.framework; name = Foundation.framework; path = System/Library/Frameworks/Foundation.framework; sourceTree = SDKROOT; };
		A1BBE9CF16D4F97E00F7CD3F /* F1.app */ = {isa = PBXFileReference; explicitFileType = wrapper.application; includeInIndex = 0; path = F1.app; sourceTree = BUILT_PRODUCTS_DIR; };
		A1BBE9D216D4F97E00F7CD3F /* Cocoa.framework */ = {isa = PBXFileReference; lastKnownFileType = wrapper.framework; name = Cocoa.framework; path = System/Library/Frameworks/Cocoa.framework; sourceTree = SDKROOT; };
		A1BBE9DA16D4F97E00F7CD3F /* F1-Info.plist */ = {isa = PBXFileReference; lastKnownFileType = text.plist.xml; path = "F1-Info.plist"; sourceTree = "<group>"; };
		A1BBE9DC16D4F97E00F7CD3F /* en */ = {isa = PBXFileReference; lastKnownFileType = text.plist.strings; name = en; path = en.lproj/InfoPlist.strings; sourceTree = "<group>"; };
		A1BBE9DE16D4F97E00F7CD3F /* main.m */ = {isa = PBXFileReference; lastKnownFileType = sourcecode.c.objc; path = main.m; sourceTree = "<group>"; };
		A1BBE9E016D4F97E00F7CD3F /* F1-Prefix.pch */ = {isa = PBXFileReference; lastKnownFileType = sourcecode.c.h; path = "F1-Prefix.pch"; sourceTree = "<group>"; };
		A1BBE9E216D4F97E00F7CD3F /* en */ = {isa = PBXFileReference; lastKnownFileType = text.rtf; name = en; path = en.lproj/Credits.rtf; sourceTree = "<group>"; };
		A1BBE9E416D4F97E00F7CD3F /* VBVAppDelegate.h */ = {isa = PBXFileReference; lastKnownFileType = sourcecode.c.h; path = VBVAppDelegate.h; sourceTree = "<group>"; };
		A1BBE9E516D4F97E00F7CD3F /* VBVAppDelegate.m */ = {isa = PBXFileReference; lastKnownFileType = sourcecode.c.objc; path = VBVAppDelegate.m; sourceTree = "<group>"; };
		A1BBE9E816D4F97F00F7CD3F /* en */ = {isa = PBXFileReference; lastKnownFileType = file.xib; name = en; path = en.lproj/MainMenu.xib; sourceTree = "<group>"; };
/* End PBXFileReference section */

/* Begin PBXFrameworksBuildPhase section */
		A1BBE9CC16D4F97E00F7CD3F /* Frameworks */ = {
			isa = PBXFrameworksBuildPhase;
			buildActionMask = 2147483647;
			files = (
				A1AA4EDC1D7B55CA0054F96A /* Foundation.framework in Frameworks */,
				A17DCC201D7B4D0400567966 /* CoreFoundation.framework in Frameworks */,
				A17DCC1E1D7B320D00567966 /* IOKit.framework in Frameworks */,
				A1BBE9D316D4F97E00F7CD3F /* Cocoa.framework in Frameworks */,
			);
			runOnlyForDeploymentPostprocessing = 0;
		};
/* End PBXFrameworksBuildPhase section */

/* Begin PBXGroup section */
		A1BBE9C616D4F97E00F7CD3F = {
			isa = PBXGroup;
			children = (
				A1BBE9D816D4F97E00F7CD3F /* F1 */,
				A1BBE9D116D4F97E00F7CD3F /* Frameworks */,
				A1BBE9D016D4F97E00F7CD3F /* Products */,
			);
			sourceTree = "<group>";
		};
		A1BBE9D016D4F97E00F7CD3F /* Products */ = {
			isa = PBXGroup;
			children = (
				A1BBE9CF16D4F97E00F7CD3F /* F1.app */,
			);
			name = Products;
			sourceTree = "<group>";
		};
		A1BBE9D116D4F97E00F7CD3F /* Frameworks */ = {
			isa = PBXGroup;
			children = (
				A1AA4EDB1D7B55CA0054F96A /* Foundation.framework */,
				A17DCC1F1D7B4D0400567966 /* CoreFoundation.framework */,
				A17DCC1D1D7B320D00567966 /* IOKit.framework */,
				A1BBE9D216D4F97E00F7CD3F /* Cocoa.framework */,
			);
			name = Frameworks;
			sourceTree = "<group>";
		};
		A1BBE9D816D4F97E00F7CD3F /* F1 */ = {
			isa = PBXGroup;
			children = (
				A1BBE9DE16D4F97E00F7CD3F /* main.m */,
				A1BBE9E016D4F97E00F7CD3F /* F1-Prefix.pch */,
				A1BBE9E516D4F97E00F7CD3F /* VBVAppDelegate.m */,
				A1BBE9E416D4F97E00F7CD3F /* VBVAppDelegate.h */,
				A18976061D7C3DE800F8FF48 /* VBVNotifier.m */,
				A18976051D7C3DE800F8FF48 /* VBVNotifier.h */,
				A17DCC1A1D7B2C9B00567966 /* utils.m */,
				A17DCC1B1D7B2C9B00567966 /* utils.h */,
				A1BBE9E716D4F97F00F7CD3F /* MainMenu.xib */,
				A138C0F020A616D9002D7207 /* Images.xcassets */,
				A1BBE9D916D4F97E00F7CD3F /* Supporting Files */,
			);
			path = F1;
			sourceTree = "<group>";
		};
		A1BBE9D916D4F97E00F7CD3F /* Supporting Files */ = {
			isa = PBXGroup;
			children = (
				A1BBE9DA16D4F97E00F7CD3F /* F1-Info.plist */,
				A1BBE9DB16D4F97E00F7CD3F /* InfoPlist.strings */,
				A1BBE9E116D4F97E00F7CD3F /* Credits.rtf */,
			);
			name = "Supporting Files";
			sourceTree = "<group>";
		};
/* End PBXGroup section */

/* Begin PBXNativeTarget section */
		A1BBE9CE16D4F97E00F7CD3F /* F1 */ = {
			isa = PBXNativeTarget;
			buildConfigurationList = A1BBE9EC16D4F97F00F7CD3F /* Build configuration list for PBXNativeTarget "F1" */;
			buildPhases = (
				A1BBE9CB16D4F97E00F7CD3F /* Sources */,
				A1BBE9CC16D4F97E00F7CD3F /* Frameworks */,
				A1BBE9CD16D4F97E00F7CD3F /* Resources */,
			);
			buildRules = (
			);
			dependencies = (
			);
			name = F1;
			productName = F1;
			productReference = A1BBE9CF16D4F97E00F7CD3F /* F1.app */;
			productType = "com.apple.product-type.application";
		};
/* End PBXNativeTarget section */

/* Begin PBXProject section */
		A1BBE9C716D4F97E00F7CD3F /* Project object */ = {
			isa = PBXProject;
			attributes = {
				CLASSPREFIX = VBV;
				LastUpgradeCheck = 0910;
				ORGANIZATIONNAME = "Boris Volkovyski";
				TargetAttributes = {
					A1BBE9CE16D4F97E00F7CD3F = {
						DevelopmentTeam = 6F23TJQG8N;
					};
				};
			};
			buildConfigurationList = A1BBE9CA16D4F97E00F7CD3F /* Build configuration list for PBXProject "F1" */;
			compatibilityVersion = "Xcode 3.2";
			developmentRegion = English;
			hasScannedForEncodings = 0;
			knownRegions = (
				en,
			);
			mainGroup = A1BBE9C616D4F97E00F7CD3F;
			productRefGroup = A1BBE9D016D4F97E00F7CD3F /* Products */;
			projectDirPath = "";
			projectRoot = "";
			targets = (
				A1BBE9CE16D4F97E00F7CD3F /* F1 */,
			);
		};
/* End PBXProject section */

/* Begin PBXResourcesBuildPhase section */
		A1BBE9CD16D4F97E00F7CD3F /* Resources */ = {
			isa = PBXResourcesBuildPhase;
			buildActionMask = 2147483647;
			files = (
				A1BBE9DD16D4F97E00F7CD3F /* InfoPlist.strings in Resources */,
				A138C0F120A616D9002D7207 /* Images.xcassets in Resources */,
				A1BBE9E316D4F97E00F7CD3F /* Credits.rtf in Resources */,
				A1BBE9E916D4F97F00F7CD3F /* MainMenu.xib in Resources */,
			);
			runOnlyForDeploymentPostprocessing = 0;
		};
/* End PBXResourcesBuildPhase section */

/* Begin PBXSourcesBuildPhase section */
		A1BBE9CB16D4F97E00F7CD3F /* Sources */ = {
			isa = PBXSourcesBuildPhase;
			buildActionMask = 2147483647;
			files = (
				A17DCC1C1D7B2C9B00567966 /* utils.m in Sources */,
				A1BBE9DF16D4F97E00F7CD3F /* main.m in Sources */,
				A18976071D7C3DE800F8FF48 /* VBVNotifier.m in Sources */,
				A1BBE9E616D4F97E00F7CD3F /* VBVAppDelegate.m in Sources */,
			);
			runOnlyForDeploymentPostprocessing = 0;
		};
/* End PBXSourcesBuildPhase section */

/* Begin PBXVariantGroup section */
		A1BBE9DB16D4F97E00F7CD3F /* InfoPlist.strings */ = {
			isa = PBXVariantGroup;
			children = (
				A1BBE9DC16D4F97E00F7CD3F /* en */,
			);
			name = InfoPlist.strings;
			sourceTree = "<group>";
		};
		A1BBE9E116D4F97E00F7CD3F /* Credits.rtf */ = {
			isa = PBXVariantGroup;
			children = (
				A1BBE9E216D4F97E00F7CD3F /* en */,
			);
			name = Credits.rtf;
			sourceTree = "<group>";
		};
		A1BBE9E716D4F97F00F7CD3F /* MainMenu.xib */ = {
			isa = PBXVariantGroup;
			children = (
				A1BBE9E816D4F97F00F7CD3F /* en */,
			);
			name = MainMenu.xib;
			sourceTree = "<group>";
		};
/* End PBXVariantGroup section */

/* Begin XCBuildConfiguration section */
		A1BBE9EA16D4F97F00F7CD3F /* Debug */ = {
			isa = XCBuildConfiguration;
			buildSettings = {
				ALWAYS_SEARCH_USER_PATHS = NO;
				CLANG_CXX_LANGUAGE_STANDARD = "gnu++0x";
				CLANG_CXX_LIBRARY = "libc++";
				CLANG_STATIC_ANALYZER_MODE = deep;
				CLANG_WARN_BLOCK_CAPTURE_AUTORELEASING = YES;
				CLANG_WARN_BOOL_CONVERSION = YES;
				CLANG_WARN_COMMA = YES;
				CLANG_WARN_CONSTANT_CONVERSION = YES;
				CLANG_WARN_DOCUMENTATION_COMMENTS = YES;
				CLANG_WARN_EMPTY_BODY = YES;
				CLANG_WARN_ENUM_CONVERSION = YES;
				CLANG_WARN_INFINITE_RECURSION = YES;
				CLANG_WARN_INT_CONVERSION = YES;
				CLANG_WARN_NON_LITERAL_NULL_CONVERSION = YES;
				CLANG_WARN_OBJC_LITERAL_CONVERSION = YES;
				CLANG_WARN_RANGE_LOOP_ANALYSIS = YES;
				CLANG_WARN_STRICT_PROTOTYPES = YES;
				CLANG_WARN_SUSPICIOUS_MOVE = YES;
				CLANG_WARN_UNREACHABLE_CODE = YES;
				CLANG_WARN__DUPLICATE_METHOD_MATCH = YES;
				COPY_PHASE_STRIP = NO;
				ENABLE_STRICT_OBJC_MSGSEND = YES;
				ENABLE_TESTABILITY = YES;
				GCC_C_LANGUAGE_STANDARD = gnu99;
				GCC_DYNAMIC_NO_PIC = NO;
				GCC_ENABLE_OBJC_EXCEPTIONS = YES;
				GCC_NO_COMMON_BLOCKS = YES;
				GCC_OPTIMIZATION_LEVEL = 0;
				GCC_PREPROCESSOR_DEFINITIONS = (
					"DEBUG=1",
					"$(inherited)",
				);
				GCC_SYMBOLS_PRIVATE_EXTERN = NO;
				GCC_WARN_64_TO_32_BIT_CONVERSION = YES;
				GCC_WARN_ABOUT_RETURN_TYPE = YES;
				GCC_WARN_UNDECLARED_SELECTOR = YES;
				GCC_WARN_UNINITIALIZED_AUTOS = YES;
				GCC_WARN_UNUSED_FUNCTION = YES;
				GCC_WARN_UNUSED_VARIABLE = YES;
				MACOSX_DEPLOYMENT_TARGET = 10.11;
				ONLY_ACTIVE_ARCH = YES;
				RUN_CLANG_STATIC_ANALYZER = YES;
				SDKROOT = macosx;
			};
			name = Debug;
		};
		A1BBE9EB16D4F97F00F7CD3F /* Release */ = {
			isa = XCBuildConfiguration;
			buildSettings = {
				ALWAYS_SEARCH_USER_PATHS = NO;
				CLANG_CXX_LANGUAGE_STANDARD = "gnu++0x";
				CLANG_CXX_LIBRARY = "libc++";
				CLANG_STATIC_ANALYZER_MODE = deep;
				CLANG_WARN_BLOCK_CAPTURE_AUTORELEASING = YES;
				CLANG_WARN_BOOL_CONVERSION = YES;
				CLANG_WARN_COMMA = YES;
				CLANG_WARN_CONSTANT_CONVERSION = YES;
				CLANG_WARN_DOCUMENTATION_COMMENTS = YES;
				CLANG_WARN_EMPTY_BODY = YES;
				CLANG_WARN_ENUM_CONVERSION = YES;
				CLANG_WARN_INFINITE_RECURSION = YES;
				CLANG_WARN_INT_CONVERSION = YES;
				CLANG_WARN_NON_LITERAL_NULL_CONVERSION = YES;
				CLANG_WARN_OBJC_LITERAL_CONVERSION = YES;
				CLANG_WARN_RANGE_LOOP_ANALYSIS = YES;
				CLANG_WARN_STRICT_PROTOTYPES = YES;
				CLANG_WARN_SUSPICIOUS_MOVE = YES;
				CLANG_WARN_UNREACHABLE_CODE = YES;
				CLANG_WARN__DUPLICATE_METHOD_MATCH = YES;
				COPY_PHASE_STRIP = YES;
				DEBUG_INFORMATION_FORMAT = "dwarf-with-dsym";
				ENABLE_STRICT_OBJC_MSGSEND = YES;
				GCC_C_LANGUAGE_STANDARD = gnu99;
				GCC_ENABLE_OBJC_EXCEPTIONS = YES;
				GCC_NO_COMMON_BLOCKS = YES;
				GCC_WARN_64_TO_32_BIT_CONVERSION = YES;
				GCC_WARN_ABOUT_RETURN_TYPE = YES;
				GCC_WARN_UNDECLARED_SELECTOR = YES;
				GCC_WARN_UNINITIALIZED_AUTOS = YES;
				GCC_WARN_UNUSED_FUNCTION = YES;
				GCC_WARN_UNUSED_VARIABLE = YES;
				MACOSX_DEPLOYMENT_TARGET = 10.11;
				ONLY_ACTIVE_ARCH = YES;
				RUN_CLANG_STATIC_ANALYZER = YES;
				SDKROOT = macosx;
			};
			name = Release;
		};
		A1BBE9ED16D4F97F00F7CD3F /* Debug */ = {
			isa = XCBuildConfiguration;
			buildSettings = {
				ASSETCATALOG_COMPILER_APPICON_NAME = AppIcon;
				CLANG_ENABLE_OBJC_ARC = YES;
				CODE_SIGN_IDENTITY = "Mac Developer";
				COMBINE_HIDPI_IMAGES = YES;
				DEVELOPMENT_TEAM = 6F23TJQG8N;
				GCC_PRECOMPILE_PREFIX_HEADER = YES;
				GCC_PREFIX_HEADER = "F1/F1-Prefix.pch";
				INFOPLIST_FILE = "F1/F1-Info.plist";
				MACOSX_DEPLOYMENT_TARGET = 10.13;
				ONLY_ACTIVE_ARCH = YES;
				PRODUCT_BUNDLE_IDENTIFIER = "org.vbv.${PRODUCT_NAME:rfc1034identifier}";
				PRODUCT_NAME = "$(TARGET_NAME)";
				PROVISIONING_PROFILE_SPECIFIER = "";
				SDKROOT = macosx;
				WRAPPER_EXTENSION = app;
			};
			name = Debug;
		};
		A1BBE9EE16D4F97F00F7CD3F /* Release */ = {
			isa = XCBuildConfiguration;
			buildSettings = {
				ASSETCATALOG_COMPILER_APPICON_NAME = AppIcon;
				CLANG_ENABLE_OBJC_ARC = YES;
				CODE_SIGN_IDENTITY = "Mac Developer";
				COMBINE_HIDPI_IMAGES = YES;
				DEVELOPMENT_TEAM = 6F23TJQG8N;
				GCC_PRECOMPILE_PREFIX_HEADER = YES;
				GCC_PREFIX_HEADER = "F1/F1-Prefix.pch";
				INFOPLIST_FILE = "F1/F1-Info.plist";
				MACOSX_DEPLOYMENT_TARGET = 10.13;
				ONLY_ACTIVE_ARCH = YES;
				PRODUCT_BUNDLE_IDENTIFIER = "org.vbv.${PRODUCT_NAME:rfc1034identifier}";
				PRODUCT_NAME = "$(TARGET_NAME)";
				SDKROOT = macosx;
				WRAPPER_EXTENSION = app;
			};
			name = Release;
		};
/* End XCBuildConfiguration section */

/* Begin XCConfigurationList section */
		A1BBE9CA16D4F97E00F7CD3F /* Build configuration list for PBXProject "F1" */ = {
			isa = XCConfigurationList;
			buildConfigurations = (
				A1BBE9EA16D4F97F00F7CD3F /* Debug */,
				A1BBE9EB16D4F97F00F7CD3F /* Release */,
			);
			defaultConfigurationIsVisible = 0;
			defaultConfigurationName = Release;
		};
		A1BBE9EC16D4F97F00F7CD3F /* Build configuration list for PBXNativeTarget "F1" */ = {
			isa = XCConfigurationList;
			buildConfigurations = (
				A1BBE9ED16D4F97F00F7CD3F /* Debug */,
				A1BBE9EE16D4F97F00F7CD3F /* Release */,
			);
			defaultConfigurationIsVisible = 0;
			defaultConfigurationName = Release;
		};
/* End XCConfigurationList section */
	};
	rootObject = A1BBE9C716D4F97E00F7CD3F /* Project object */;
}
